Microsoft Visual Studio Solution File, Format Version 11.00
# Visual Studio 2008

Project("{1C77004F-37A2-5437-B90C-200FC7B265EC}") = "cs499", "Assembly-CSharp.csproj", "{51F79149-4E0E-F4DE-62B3-6CD543FC841B}"
EndProject
Project("{1C77004F-37A2-5437-B90C-200FC7B265EC}") = "cs499", "Assembly-CSharp-Editor.csproj", "{D8D5DDD6-FCD0-57FC-AB9C-773E54AABE1E}"
EndProject
Global
	GlobalSection(SolutionConfigurationPlatforms) = preSolution
		Debug|Any CPU = Debug|Any CPU
		Release|Any CPU = Release|Any CPU
	EndGlobalSection
	GlobalSection(ProjectConfigurationPlatforms) = postSolution
		{51F79149-4E0E-F4DE-62B3-6CD543FC841B}.Debug|Any CPU.ActiveCfg = Debug|Any CPU
		{51F79149-4E0E-F4DE-62B3-6CD543FC841B}.Debug|Any CPU.Build.0 = Debug|Any CPU
		{51F79149-4E0E-F4DE-62B3-6CD543FC841B}.Release|Any CPU.ActiveCfg = Release|Any CPU
		{51F79149-4E0E-F4DE-62B3-6CD543FC841B}.Release|Any CPU.Build.0 = Release|Any CPU
		{D8D5DDD6-FCD0-57FC-AB9C-773E54AABE1E}.Debug|Any CPU.ActiveCfg = Debug|Any CPU
		{D8D5DDD6-FCD0-57FC-AB9C-773E54AABE1E}.Debug|Any CPU.Build.0 = Debug|Any CPU
		{D8D5DDD6-FCD0-57FC-AB9C-773E54AABE1E}.Release|Any CPU.ActiveCfg = Release|Any CPU
		{D8D5DDD6-FCD0-57FC-AB9C-773E54AABE1E}.Release|Any CPU.Build.0 = Release|Any CPU
	EndGlobalSection
	GlobalSection(SolutionProperties) = preSolution
		HideSolutionNode = FALSE
	EndGlobalSection
																		GlobalSection(MonoDevelopProperties) = preSolution
=======
																							GlobalSection(MonoDevelopProperties) = preSolution
>>>>>>> f15b0328de3e3233b18315cf7a733360828a3355
		StartupItem = Assembly-CSharp.csproj
		Policies = $0
		$0.TextStylePolicy = $1
		$1.inheritsSet = null
		$1.scope = text/x-csharp
		$0.CSharpFormattingPolicy = $2
		$2.inheritsSet = Mono
		$2.inheritsScope = text/x-csharp
		$2.scope = text/x-csharp
		$0.TextStylePolicy = $3
		$3.FileWidth = 120
		$3.TabWidth = 4
		$3.EolMarker = Unix
		$3.inheritsSet = Mono
		$3.inheritsScope = text/plain
		$3.scope = text/plain
	EndGlobalSection

EndGlobal
